
Microsoft Visual Studio Solution File, Format Version 12.00
# Visual Studio Version 16
VisualStudioVersion = 16.0.31205.134
MinimumVisualStudioVersion = 10.0.40219.1
Project("{FAE04EC0-301F-11D3-BF4B-00C04F79EFBC}") = "Api_B84211_B87107", "Api_B84211_B87107.csproj", "{B41EAB9A-0C9B-45B6-9349-A5CDCFD56C96}"
EndProject
Global
	GlobalSection(SolutionConfigurationPlatforms) = preSolution
		Debug|Any CPU = Debug|Any CPU
		Release|Any CPU = Release|Any CPU
	EndGlobalSection
	GlobalSection(ProjectConfigurationPlatforms) = postSolution
		{B41EAB9A-0C9B-45B6-9349-A5CDCFD56C96}.Debug|Any CPU.ActiveCfg = Debug|Any CPU
		{B41EAB9A-0C9B-45B6-9349-A5CDCFD56C96}.Debug|Any CPU.Build.0 = Debug|Any CPU
		{B41EAB9A-0C9B-45B6-9349-A5CDCFD56C96}.Release|Any CPU.ActiveCfg = Release|Any CPU
		{B41EAB9A-0C9B-45B6-9349-A5CDCFD56C96}.Release|Any CPU.Build.0 = Release|Any CPU
	EndGlobalSection
	GlobalSection(SolutionProperties) = preSolution
		HideSolutionNode = FALSE
	EndGlobalSection
	GlobalSection(ExtensibilityGlobals) = postSolution
		SolutionGuid = {3E5E1F98-2AA0-48B1-A8FA-C094DDA58D95}
	EndGlobalSection
EndGlobal
